<?xml version="1.0" encoding="utf-8"?>
<Project ToolsVersion="4.0" xmlns="http://schemas.microsoft.com/developer/msbuild/2003">
  <ItemGroup>
    <Filter Include="00.MainGame">
      <UniqueIdentifier>{9041d020-7762-4599-97ee-f4990be3581c}</UniqueIdentifier>
    </Filter>
    <Filter Include="98.Managers">
      <UniqueIdentifier>{8e62b4b8-6881-4de8-a26f-78ed04b3186b}</UniqueIdentifier>
    </Filter>
    <Filter Include="98.Managers\00.Device">
      <UniqueIdentifier>{86c41c72-a7f8-424c-b230-feed7e3d7c28}</UniqueIdentifier>
    </Filter>
    <Filter Include="98.Managers\01.TimeMgr">
      <UniqueIdentifier>{55dffb2e-35d6-4785-b000-acc5e676288c}</UniqueIdentifier>
    </Filter>
    <Filter Include="98.Managers\02.TextureMgr">
      <UniqueIdentifier>{daeaa758-9adb-43b8-a229-5b209ad05332}</UniqueIdentifier>
    </Filter>
    <Filter Include="98.Managers\02.TextureMgr\00.Texture">
      <UniqueIdentifier>{29e59231-fa22-4d33-8208-6fa9e264a0e9}</UniqueIdentifier>
    </Filter>
    <Filter Include="98.Managers\02.TextureMgr\00.Texture\00.SingleTexture">
      <UniqueIdentifier>{35d97bee-1835-4dfa-b939-d0f736a42d89}</UniqueIdentifier>
    </Filter>
    <Filter Include="98.Managers\02.TextureMgr\00.Texture\01.MultiTexture">
      <UniqueIdentifier>{7fcaf8e6-1850-4744-ba73-e4b31a6cc998}</UniqueIdentifier>
    </Filter>
    <Filter Include="99.Default">
      <UniqueIdentifier>{4829b9f0-a97e-49d8-8c86-be14fe671271}</UniqueIdentifier>
    </Filter>
    <Filter Include="98.Managers\03.ObjMgr">
      <UniqueIdentifier>{25ce182c-ca59-4e46-b8ed-04910ed2a33f}</UniqueIdentifier>
    </Filter>
    <Filter Include="01.Object">
      <UniqueIdentifier>{f3f8c406-f9e4-4dee-912c-6ddba5eddf68}</UniqueIdentifier>
    </Filter>
    <Filter Include="01.Object\00.Player">
      <UniqueIdentifier>{600eb52b-6517-4ba8-a1bb-338cea54fd4d}</UniqueIdentifier>
    </Filter>
    <Filter Include="01.Object\01.Monster">
      <UniqueIdentifier>{7524fc25-a4c4-4716-819b-d5db1ca130e6}</UniqueIdentifier>
    </Filter>
    <Filter Include="98.Managers\05.ScrollMgr">
      <UniqueIdentifier>{fc04c48f-6015-4159-a999-96e6d89a2f08}</UniqueIdentifier>
    </Filter>
    <Filter Include="98.Managers\06.KeyMgr">
      <UniqueIdentifier>{abe69b7c-6f28-4450-bec4-1e5ec589c007}</UniqueIdentifier>
    </Filter>
    <Filter Include="01.Object\00.Player\01.Implementor">
      <UniqueIdentifier>{1411c249-3399-4cbc-94e0-77e29a7b7ecd}</UniqueIdentifier>
    </Filter>
    <Filter Include="01.Object\00.Player\00.Abstraction">
      <UniqueIdentifier>{537b4556-2c54-493e-a880-d69e00964bea}</UniqueIdentifier>
    </Filter>
    <Filter Include="98.Managers\07.AbstractFactory">
      <UniqueIdentifier>{0627292e-0453-4378-beb4-21662a33d67c}</UniqueIdentifier>
    </Filter>
    <Filter Include="01.Object\00.Player\01.Implementor\01.MoveIMP">
      <UniqueIdentifier>{399b491f-a874-4a0b-9916-8c92c58e54aa}</UniqueIdentifier>
    </Filter>
    <Filter Include="01.Object\00.Player\01.Implementor\00.IdleIMP">
      <UniqueIdentifier>{f13fece9-5ffb-4a4b-9990-e78707e75164}</UniqueIdentifier>
    </Filter>
    <Filter Include="01.Object\00.Player\01.Implementor\02.DodgeIMP">
      <UniqueIdentifier>{a3625f06-fac5-47a0-8143-04e937ca7e12}</UniqueIdentifier>
    </Filter>
    <Filter Include="96.Scene">
      <UniqueIdentifier>{95bf33a7-5aa4-42e8-8b11-32d0708fe71f}</UniqueIdentifier>
    </Filter>
    <Filter Include="96.Scene\00.Scene">
      <UniqueIdentifier>{6b31cffb-42e6-4157-b2c7-b427adabb8f0}</UniqueIdentifier>
    </Filter>
    <Filter Include="96.Scene\00.Scene\00.Logo">
      <UniqueIdentifier>{64f1ba51-59a1-4b28-85a1-d093c1bc01ed}</UniqueIdentifier>
    </Filter>
    <Filter Include="96.Scene\00.Scene\01.Lobby">
      <UniqueIdentifier>{2433669e-40b0-4882-8718-879579be58b7}</UniqueIdentifier>
    </Filter>
    <Filter Include="96.Scene\00.Scene\02.Normal">
      <UniqueIdentifier>{54d34fc8-6c1b-4e65-bb0b-d47fa20baa62}</UniqueIdentifier>
    </Filter>
    <Filter Include="96.Scene\00.Scene\03.Boss">
      <UniqueIdentifier>{0ed768aa-60d8-423b-be46-1777c06f7c2b}</UniqueIdentifier>
    </Filter>
    <Filter Include="02.Mouse">
      <UniqueIdentifier>{53a301c8-eb31-43ba-b13d-b1b56c1c6009}</UniqueIdentifier>
    </Filter>
    <Filter Include="01.Object\02.Weapon">
      <UniqueIdentifier>{48ba4a2f-928d-4f19-8b47-0479b7895b06}</UniqueIdentifier>
    </Filter>
    <Filter Include="01.Object\03.Bullet">
      <UniqueIdentifier>{a27c6587-e2e1-426e-a095-3820651054f9}</UniqueIdentifier>
    </Filter>
    <Filter Include="99.Default\01.etc">
      <UniqueIdentifier>{4148bfc1-4458-4b72-9376-8b347f6fd222}</UniqueIdentifier>
    </Filter>
    <Filter Include="99.Default\00.stdafx">
      <UniqueIdentifier>{24fd3375-007c-49c2-b020-ae5c8236d1b5}</UniqueIdentifier>
    </Filter>
    <Filter Include="01.Object\02.Weapon\01.WeaponIMP">
      <UniqueIdentifier>{b7738aed-8509-4d92-8cdd-aacf5fa57a51}</UniqueIdentifier>
    </Filter>
    <Filter Include="01.Object\02.Weapon\01.WeaponIMP\00. ShootIMP">
      <UniqueIdentifier>{db27faa3-7001-4ec2-bf5e-b5e5e572f1bb}</UniqueIdentifier>
    </Filter>
    <Filter Include="01.Object\02.Weapon\00.WeaponBody">
      <UniqueIdentifier>{d6893a32-247b-45fa-8fcd-ecae7563c43b}</UniqueIdentifier>
    </Filter>
    <Filter Include="01.Object\02.Weapon\00.WeaponBody\00.Revolver">
      <UniqueIdentifier>{ee25cdc8-11a0-490d-8568-1d0e2de30a73}</UniqueIdentifier>
    </Filter>
    <Filter Include="01.Object\02.Weapon\00.WeaponBody\01.AK">
      <UniqueIdentifier>{c3a3edde-5116-4c1f-8c3b-641bdb003e1e}</UniqueIdentifier>
    </Filter>
    <Filter Include="01.Object\03.Bullet\00.NormalBullet">
      <UniqueIdentifier>{d038deba-1412-476f-9c0a-0ec2e9c2e235}</UniqueIdentifier>
    </Filter>
    <Filter Include="01.Object\02.Weapon\00.WeaponBody\02.ShotGun">
      <UniqueIdentifier>{d1e7fc55-289d-4040-9ca1-e1bd1fc7a79e}</UniqueIdentifier>
    </Filter>
    <Filter Include="01.Object\03.Bullet\01.ShotGunBullet">
      <UniqueIdentifier>{363183ac-c36e-4c49-8925-cd23f741abb6}</UniqueIdentifier>
    </Filter>
    <Filter Include="98.Managers\04.CollisionMgr">
      <UniqueIdentifier>{1f007829-eaec-4359-a209-99ac93bba357}</UniqueIdentifier>
    </Filter>
    <Filter Include="01.Object\01.Monster\00.NormalMonster">
      <UniqueIdentifier>{b357b4e9-e46a-4c49-9e42-6b6d5408dbb5}</UniqueIdentifier>
    </Filter>
    <Filter Include="01.Object\01.Monster\01.ShotgunMonster">
      <UniqueIdentifier>{3ac63d5c-fd84-49c8-80a1-bea61fb6dc09}</UniqueIdentifier>
    </Filter>
    <Filter Include="98.Managers\08.AstarMgr">
      <UniqueIdentifier>{9c13bb37-c92c-4e10-92d4-07ee797f07c2}</UniqueIdentifier>
    </Filter>
    <Filter Include="01.Object\04.EnemyWeapon">
      <UniqueIdentifier>{6caecca5-d438-474e-ac55-56e84f59383f}</UniqueIdentifier>
    </Filter>
    <Filter Include="01.Object\04.EnemyWeapon\00.EnemyRevolver">
      <UniqueIdentifier>{68773708-1061-4268-ba6c-ccaf7aa04364}</UniqueIdentifier>
    </Filter>
    <Filter Include="95.SubTile">
      <UniqueIdentifier>{4791d79a-6354-4fe3-968d-2b6edc6a583f}</UniqueIdentifier>
    </Filter>
    <Filter Include="94.Tile">
      <UniqueIdentifier>{9da59d83-5abf-4305-b684-98ce10e7219b}</UniqueIdentifier>
    </Filter>
    <Filter Include="94.Tile\00.TileMgr">
      <UniqueIdentifier>{2e271e48-28af-4abf-aca4-4df5490c41d4}</UniqueIdentifier>
    </Filter>
    <Filter Include="03.Trigger">
      <UniqueIdentifier>{ad5efef6-5c12-4448-89b4-b2c3025f1f59}</UniqueIdentifier>
    </Filter>
    <Filter Include="01.Object\01.Monster\99.MonsterMgr">
      <UniqueIdentifier>{219a1289-ae85-4b48-b72d-0150b16fdaec}</UniqueIdentifier>
    </Filter>
    <Filter Include="01.Object\01.Monster\98.MonsterIMP">
      <UniqueIdentifier>{1a78fd22-5caf-4a6c-97f5-9e94b9737eaf}</UniqueIdentifier>
    </Filter>
    <Filter Include="01.Object\01.Monster\98.MonsterIMP\MonsterShotIMP">
      <UniqueIdentifier>{2d56b8c6-d9bb-46b0-bbff-5af1e53f60ef}</UniqueIdentifier>
    </Filter>
    <Filter Include="01.Object\03.Bullet\02.MonsterBullet">
      <UniqueIdentifier>{60428565-6f1a-4707-8756-b6640fd47a0e}</UniqueIdentifier>
    </Filter>
    <Filter Include="97.Observer">
      <UniqueIdentifier>{14e4587b-6b18-4671-a7eb-bac651501e03}</UniqueIdentifier>
    </Filter>
    <Filter Include="97.Observer\00.Subject">
      <UniqueIdentifier>{616d81c5-5155-40d0-ab3b-8d00ede99264}</UniqueIdentifier>
    </Filter>
    <Filter Include="97.Observer\01.Observer">
      <UniqueIdentifier>{0a3c9e87-273d-448f-84cb-e7962d585e65}</UniqueIdentifier>
    </Filter>
    <Filter Include="97.Observer\01.Observer\00.UIObserver">
      <UniqueIdentifier>{59bca5b3-0870-4a1d-9543-e37630c22251}</UniqueIdentifier>
    </Filter>
    <Filter Include="97.Observer\00.Subject\01.DataSubject">
      <UniqueIdentifier>{1ae9c480-07dc-4197-98c1-2a01e4bb66af}</UniqueIdentifier>
    </Filter>
    <Filter Include="04.UI">
      <UniqueIdentifier>{dab769e6-beb3-41ea-bdb9-5a9a441eedcb}</UniqueIdentifier>
    </Filter>
    <Filter Include="04.UI\00.HP">
      <UniqueIdentifier>{c429346e-6e46-40af-812f-ca1075d9d193}</UniqueIdentifier>
    </Filter>
    <Filter Include="04.UI\01.MP">
      <UniqueIdentifier>{3b8015e8-747d-4c0a-9f81-22814c2b404b}</UniqueIdentifier>
    </Filter>
    <Filter Include="04.UI\02.Key">
      <UniqueIdentifier>{89f5e67e-4a48-4ad7-ab49-41e2a6c9d1e7}</UniqueIdentifier>
    </Filter>
    <Filter Include="04.UI\03.Money">
      <UniqueIdentifier>{fc6b7ee2-e87e-4fef-b11d-4c89440fead1}</UniqueIdentifier>
    </Filter>
    <Filter Include="94.Effect">
      <UniqueIdentifier>{8cf3fa7a-66ac-45cc-8862-a913c3cc752e}</UniqueIdentifier>
    </Filter>
    <Filter Include="94.Effect\00.Abstraction">
      <UniqueIdentifier>{0b26d23a-665e-41b8-923c-d85af85b78ce}</UniqueIdentifier>
    </Filter>
    <Filter Include="94.Effect\01Implementor">
      <UniqueIdentifier>{7a0d3f87-698c-46e7-98eb-e9acf2d8569e}</UniqueIdentifier>
    </Filter>
    <Filter Include="94.Effect\00.Abstraction\00.Effect">
      <UniqueIdentifier>{673dc64b-3f92-44f7-9dc8-0259b9825640}</UniqueIdentifier>
    </Filter>
    <Filter Include="94.Effect\01Implementor\00.AnimEffect">
      <UniqueIdentifier>{95949cf7-d358-4c0b-96bb-8be22ccd6e8a}</UniqueIdentifier>
    </Filter>
    <Filter Include="98.Managers\09.RoomMgr">
      <UniqueIdentifier>{0fc81001-4834-4709-a5de-7149eb1cef2d}</UniqueIdentifier>
    </Filter>
    <Filter Include="01.Object\01.Monster\02.Boss">
      <UniqueIdentifier>{e8552541-534c-4bdf-adbb-56917522d752}</UniqueIdentifier>
    </Filter>
    <Filter Include="05.Box">
      <UniqueIdentifier>{56505137-98f8-43f4-84dc-f0ca378fc194}</UniqueIdentifier>
    </Filter>
    <Filter Include="98.Managers\09.SoundMgr">
      <UniqueIdentifier>{86fafe62-1bb0-43e5-9046-420100721f73}</UniqueIdentifier>
    </Filter>
    <Filter Include="01.Object\01.Monster\02.Boss\01.BossIMP">
      <UniqueIdentifier>{2d8486ff-cd7e-4d2b-b13d-692de1dd154f}</UniqueIdentifier>
    </Filter>
    <Filter Include="01.Object\01.Monster\02.Boss\01.BossIMP\00.Noraml">
      <UniqueIdentifier>{c7765924-45df-4bac-b29d-7cdbcc53e989}</UniqueIdentifier>
    </Filter>
    <Filter Include="01.Object\01.Monster\02.Boss\00.BossAbstraction">
      <UniqueIdentifier>{11786c02-e6fa-4e6a-80b0-2c9f976ad98e}</UniqueIdentifier>
    </Filter>
    <Filter Include="01.Object\03.Bullet\03.BossBullet">
      <UniqueIdentifier>{93be775f-1008-44ff-ba99-4e6124033bce}</UniqueIdentifier>
    </Filter>
    <Filter Include="01.Object\01.Monster\02.Boss\01.BossIMP\02.Skill">
      <UniqueIdentifier>{e303693a-b7d9-44d6-9219-4ca1df2aadd0}</UniqueIdentifier>
    </Filter>
    <Filter Include="01.Object\01.Monster\02.Boss\01.BossIMP\01.Half">
      <UniqueIdentifier>{7e4568b2-80f4-4a8f-9646-dc9d17473c86}</UniqueIdentifier>
    </Filter>
  </ItemGroup>
  <ItemGroup>
    <ClInclude Include="Device.h">
      <Filter>98.Managers\00.Device</Filter>
    </ClInclude>
    <ClInclude Include="TimeMgr.h">
      <Filter>98.Managers\01.TimeMgr</Filter>
    </ClInclude>
    <ClInclude Include="TextureMgr.h">
      <Filter>98.Managers\02.TextureMgr</Filter>
    </ClInclude>
    <ClInclude Include="Texture.h">
      <Filter>98.Managers\02.TextureMgr\00.Texture</Filter>
    </ClInclude>
    <ClInclude Include="SingleTexture.h">
      <Filter>98.Managers\02.TextureMgr\00.Texture\00.SingleTexture</Filter>
    </ClInclude>
    <ClInclude Include="MultiTexture.h">
      <Filter>98.Managers\02.TextureMgr\00.Texture\01.MultiTexture</Filter>
    </ClInclude>
    <ClInclude Include="MainGame.h">
      <Filter>00.MainGame</Filter>
    </ClInclude>
    <ClInclude Include="Obj.h">
      <Filter>01.Object</Filter>
    </ClInclude>
    <ClInclude Include="ObjMgr.h">
      <Filter>98.Managers\03.ObjMgr</Filter>
    </ClInclude>
    <ClInclude Include="TileMgr.h">
      <Filter>94.Tile\00.TileMgr</Filter>
    </ClInclude>
    <ClInclude Include="ScrollMgr.h">
      <Filter>98.Managers\05.ScrollMgr</Filter>
    </ClInclude>
    <ClInclude Include="Mouse.h">
      <Filter>02.Mouse</Filter>
    </ClInclude>
    <ClInclude Include="SceneMgr.h">
      <Filter>96.Scene</Filter>
    </ClInclude>
    <ClInclude Include="Lobby.h">
      <Filter>96.Scene\00.Scene\01.Lobby</Filter>
    </ClInclude>
    <ClInclude Include="Logo.h">
      <Filter>96.Scene\00.Scene\00.Logo</Filter>
    </ClInclude>
    <ClInclude Include="Boss.h">
      <Filter>96.Scene\00.Scene\03.Boss</Filter>
    </ClInclude>
    <ClInclude Include="Scene.h">
      <Filter>96.Scene\00.Scene</Filter>
    </ClInclude>
    <ClInclude Include="Normal.h">
      <Filter>96.Scene\00.Scene\02.Normal</Filter>
    </ClInclude>
    <ClInclude Include="KeyMgr.h">
      <Filter>98.Managers\06.KeyMgr</Filter>
    </ClInclude>
    <ClInclude Include="Player.h">
      <Filter>01.Object\00.Player\00.Abstraction</Filter>
    </ClInclude>
    <ClInclude Include="PlayerIMP.h">
      <Filter>01.Object\00.Player\01.Implementor</Filter>
    </ClInclude>
    <ClInclude Include="PlayerMoveIMP.h">
      <Filter>01.Object\00.Player\01.Implementor\01.MoveIMP</Filter>
    </ClInclude>
    <ClInclude Include="AbstractFactory.h">
      <Filter>98.Managers\07.AbstractFactory</Filter>
    </ClInclude>
    <ClInclude Include="PlayerIdleIMP.h">
      <Filter>01.Object\00.Player\01.Implementor\00.IdleIMP</Filter>
    </ClInclude>
    <ClInclude Include="PlayerDodgeIMP.h">
      <Filter>01.Object\00.Player\01.Implementor\02.DodgeIMP</Filter>
    </ClInclude>
    <ClInclude Include="Bullet.h">
      <Filter>01.Object\03.Bullet</Filter>
    </ClInclude>
    <ClInclude Include="stdafx.h">
      <Filter>99.Default\00.stdafx</Filter>
    </ClInclude>
    <ClInclude Include="Client.h">
      <Filter>99.Default\01.etc</Filter>
    </ClInclude>
    <ClInclude Include="Resource.h">
      <Filter>99.Default\01.etc</Filter>
    </ClInclude>
    <ClInclude Include="targetver.h">
      <Filter>99.Default\01.etc</Filter>
    </ClInclude>
    <ClInclude Include="CollisionMgr.h">
      <Filter>98.Managers\04.CollisionMgr</Filter>
    </ClInclude>
    <ClInclude Include="AK.h">
      <Filter>01.Object\02.Weapon\00.WeaponBody\01.AK</Filter>
    </ClInclude>
    <ClInclude Include="WeaponMgr.h">
      <Filter>01.Object\02.Weapon</Filter>
    </ClInclude>
    <ClInclude Include="WeaponIMP.h">
      <Filter>01.Object\02.Weapon\01.WeaponIMP</Filter>
    </ClInclude>
    <ClInclude Include="Weapon.h">
      <Filter>01.Object\02.Weapon\00.WeaponBody</Filter>
    </ClInclude>
    <ClInclude Include="ShootIMP.h">
      <Filter>01.Object\02.Weapon\01.WeaponIMP\00. ShootIMP</Filter>
    </ClInclude>
    <ClInclude Include="Revolver.h">
      <Filter>01.Object\02.Weapon\00.WeaponBody\00.Revolver</Filter>
    </ClInclude>
    <ClInclude Include="NormalBullet.h">
      <Filter>01.Object\03.Bullet\00.NormalBullet</Filter>
    </ClInclude>
    <ClInclude Include="ShotGun.h">
      <Filter>01.Object\02.Weapon\00.WeaponBody\02.ShotGun</Filter>
    </ClInclude>
    <ClInclude Include="ShotGunBullet.h">
      <Filter>01.Object\03.Bullet\01.ShotGunBullet</Filter>
    </ClInclude>
    <ClInclude Include="Monster.h">
      <Filter>01.Object\01.Monster</Filter>
    </ClInclude>
    <ClInclude Include="AstarMgr.h">
      <Filter>98.Managers\08.AstarMgr</Filter>
    </ClInclude>
    <ClInclude Include="NormalMonster.h">
      <Filter>01.Object\01.Monster\00.NormalMonster</Filter>
    </ClInclude>
    <ClInclude Include="EnemyRevolver.h">
      <Filter>01.Object\04.EnemyWeapon\00.EnemyRevolver</Filter>
    </ClInclude>
    <ClInclude Include="SubTileMgr.h">
      <Filter>95.SubTile</Filter>
    </ClInclude>
    <ClInclude Include="Trigger.h">
      <Filter>03.Trigger</Filter>
    </ClInclude>
    <ClInclude Include="MonsterIMP.h">
      <Filter>01.Object\01.Monster\98.MonsterIMP</Filter>
    </ClInclude>
    <ClInclude Include="MonsterShotIMP.h">
      <Filter>01.Object\01.Monster\98.MonsterIMP\MonsterShotIMP</Filter>
    </ClInclude>
    <ClInclude Include="MonsterBullet.h">
      <Filter>01.Object\03.Bullet\02.MonsterBullet</Filter>
    </ClInclude>
    <ClInclude Include="Observer.h">
      <Filter>97.Observer\01.Observer</Filter>
    </ClInclude>
    <ClInclude Include="UIObserver.h">
      <Filter>97.Observer\01.Observer\00.UIObserver</Filter>
    </ClInclude>
    <ClInclude Include="Subject.h">
      <Filter>97.Observer\00.Subject</Filter>
    </ClInclude>
    <ClInclude Include="DataSubejct.h">
      <Filter>97.Observer\00.Subject\01.DataSubject</Filter>
    </ClInclude>
    <ClInclude Include="UserInterface.h">
      <Filter>04.UI</Filter>
    </ClInclude>
    <ClInclude Include="UI.h">
      <Filter>04.UI\00.HP</Filter>
    </ClInclude>
    <ClInclude Include="MpUI.h">
      <Filter>04.UI\01.MP</Filter>
    </ClInclude>
    <ClInclude Include="CkeyUI.h">
      <Filter>04.UI\02.Key</Filter>
    </ClInclude>
    <ClInclude Include="MoneyUI.h">
      <Filter>04.UI\03.Money</Filter>
    </ClInclude>
    <ClInclude Include="EffectIMP.h">
      <Filter>94.Effect\01Implementor</Filter>
    </ClInclude>
    <ClInclude Include="AnimEffect.h">
      <Filter>94.Effect\01Implementor\00.AnimEffect</Filter>
    </ClInclude>
    <ClInclude Include="Effect.h">
      <Filter>94.Effect\00.Abstraction\00.Effect</Filter>
    </ClInclude>
    <ClInclude Include="RoomMgr.h">
      <Filter>98.Managers\09.RoomMgr</Filter>
    </ClInclude>
    <ClInclude Include="Obstacle.h">
      <Filter>05.Box</Filter>
    </ClInclude>
    <ClInclude Include="SoundMgr.h">
      <Filter>98.Managers\09.SoundMgr</Filter>
    </ClInclude>
    <ClInclude Include="BossIMP.h">
      <Filter>01.Object\01.Monster\02.Boss\01.BossIMP</Filter>
    </ClInclude>
    <ClInclude Include="BossNormalIMP.h">
      <Filter>01.Object\01.Monster\02.Boss\01.BossIMP\00.Noraml</Filter>
    </ClInclude>
    <ClInclude Include="Boss2.h">
      <Filter>01.Object\01.Monster\02.Boss\00.BossAbstraction</Filter>
    </ClInclude>
    <ClInclude Include="BossBullet.h">
      <Filter>01.Object\03.Bullet\03.BossBullet</Filter>
    </ClInclude>
    <ClInclude Include="BossSkillIMP.h">
      <Filter>01.Object\01.Monster\02.Boss\01.BossIMP\02.Skill</Filter>
    </ClInclude>
    <ClInclude Include="BossHalfIMP.h">
      <Filter>01.Object\01.Monster\02.Boss\01.BossIMP\01.Half</Filter>
    </ClInclude>
  </ItemGroup>
  <ItemGroup>
    <ClCompile Include="Device.cpp">
      <Filter>98.Managers\00.Device</Filter>
    </ClCompile>
    <ClCompile Include="TimeMgr.cpp">
      <Filter>98.Managers\01.TimeMgr</Filter>
    </ClCompile>
    <ClCompile Include="TextureMgr.cpp">
      <Filter>98.Managers\02.TextureMgr</Filter>
    </ClCompile>
    <ClCompile Include="Texture.cpp">
      <Filter>98.Managers\02.TextureMgr\00.Texture</Filter>
    </ClCompile>
    <ClCompile Include="SingleTexture.cpp">
      <Filter>98.Managers\02.TextureMgr\00.Texture\00.SingleTexture</Filter>
    </ClCompile>
    <ClCompile Include="MultiTexture.cpp">
      <Filter>98.Managers\02.TextureMgr\00.Texture\01.MultiTexture</Filter>
    </ClCompile>
    <ClCompile Include="MainGame.cpp">
      <Filter>00.MainGame</Filter>
    </ClCompile>
    <ClCompile Include="Obj.cpp">
      <Filter>01.Object</Filter>
    </ClCompile>
    <ClCompile Include="ObjMgr.cpp">
      <Filter>98.Managers\03.ObjMgr</Filter>
    </ClCompile>
    <ClCompile Include="TileMgr.cpp">
      <Filter>94.Tile\00.TileMgr</Filter>
    </ClCompile>
    <ClCompile Include="ScrollMgr.cpp">
      <Filter>98.Managers\05.ScrollMgr</Filter>
    </ClCompile>
    <ClCompile Include="Mouse.cpp">
      <Filter>02.Mouse</Filter>
    </ClCompile>
    <ClCompile Include="SceneMgr.cpp">
      <Filter>96.Scene</Filter>
    </ClCompile>
    <ClCompile Include="Lobby.cpp">
      <Filter>96.Scene\00.Scene\01.Lobby</Filter>
    </ClCompile>
    <ClCompile Include="Logo.cpp">
      <Filter>96.Scene\00.Scene\00.Logo</Filter>
    </ClCompile>
    <ClCompile Include="Boss.cpp">
      <Filter>96.Scene\00.Scene\03.Boss</Filter>
    </ClCompile>
    <ClCompile Include="Scene.cpp">
      <Filter>96.Scene\00.Scene</Filter>
    </ClCompile>
    <ClCompile Include="Normal.cpp">
      <Filter>96.Scene\00.Scene\02.Normal</Filter>
    </ClCompile>
    <ClCompile Include="KeyMgr.cpp">
      <Filter>98.Managers\06.KeyMgr</Filter>
    </ClCompile>
    <ClCompile Include="Player.cpp">
      <Filter>01.Object\00.Player\00.Abstraction</Filter>
    </ClCompile>
    <ClCompile Include="PlayerIMP.cpp">
      <Filter>01.Object\00.Player\01.Implementor</Filter>
    </ClCompile>
    <ClCompile Include="PlayerMoveIMP.cpp">
      <Filter>01.Object\00.Player\01.Implementor\01.MoveIMP</Filter>
    </ClCompile>
    <ClCompile Include="PlayerIdleIMP.cpp">
      <Filter>01.Object\00.Player\01.Implementor\00.IdleIMP</Filter>
    </ClCompile>
    <ClCompile Include="PlayerDodgeIMP.cpp">
      <Filter>01.Object\00.Player\01.Implementor\02.DodgeIMP</Filter>
    </ClCompile>
    <ClCompile Include="Revolver.cpp">
      <Filter>01.Object\02.Weapon\00.WeaponBody\00.Revolver</Filter>
    </ClCompile>
    <ClCompile Include="Bullet.cpp">
      <Filter>01.Object\03.Bullet</Filter>
    </ClCompile>
    <ClCompile Include="Client.cpp">
      <Filter>99.Default\01.etc</Filter>
    </ClCompile>
    <ClCompile Include="stdafx.cpp">
      <Filter>99.Default\01.etc</Filter>
    </ClCompile>
    <ClCompile Include="CollisionMgr.cpp">
      <Filter>98.Managers\04.CollisionMgr</Filter>
    </ClCompile>
    <ClCompile Include="AK.cpp">
      <Filter>01.Object\02.Weapon\00.WeaponBody\01.AK</Filter>
    </ClCompile>
    <ClCompile Include="WeaponMgr.cpp">
      <Filter>01.Object\02.Weapon</Filter>
    </ClCompile>
    <ClCompile Include="WeaponIMP.cpp">
      <Filter>01.Object\02.Weapon\01.WeaponIMP</Filter>
    </ClCompile>
    <ClCompile Include="Weapon.cpp">
      <Filter>01.Object\02.Weapon\00.WeaponBody</Filter>
    </ClCompile>
    <ClCompile Include="ShootIMP.cpp">
      <Filter>01.Object\02.Weapon\01.WeaponIMP\00. ShootIMP</Filter>
    </ClCompile>
    <ClCompile Include="NormalBullet.cpp">
      <Filter>01.Object\03.Bullet\00.NormalBullet</Filter>
    </ClCompile>
    <ClCompile Include="ShotGun.cpp">
      <Filter>01.Object\02.Weapon\00.WeaponBody\02.ShotGun</Filter>
    </ClCompile>
    <ClCompile Include="ShotGunBullet.cpp">
      <Filter>01.Object\03.Bullet\01.ShotGunBullet</Filter>
    </ClCompile>
    <ClCompile Include="Monster.cpp">
      <Filter>01.Object\01.Monster</Filter>
    </ClCompile>
    <ClCompile Include="AstarMgr.cpp">
      <Filter>98.Managers\08.AstarMgr</Filter>
    </ClCompile>
    <ClCompile Include="NormalMonster.cpp">
      <Filter>01.Object\01.Monster\00.NormalMonster</Filter>
    </ClCompile>
    <ClCompile Include="EnemyRevolver.cpp">
      <Filter>01.Object\04.EnemyWeapon\00.EnemyRevolver</Filter>
    </ClCompile>
    <ClCompile Include="SubTileMgr.cpp">
      <Filter>95.SubTile</Filter>
    </ClCompile>
    <ClCompile Include="Trigger.cpp">
      <Filter>03.Trigger</Filter>
    </ClCompile>
    <ClCompile Include="MonsterIMP.cpp">
      <Filter>01.Object\01.Monster\98.MonsterIMP</Filter>
    </ClCompile>
    <ClCompile Include="MonsterShotIMP.cpp">
      <Filter>01.Object\01.Monster\98.MonsterIMP\MonsterShotIMP</Filter>
    </ClCompile>
    <ClCompile Include="MonsterBullet.cpp">
      <Filter>01.Object\03.Bullet\02.MonsterBullet</Filter>
    </ClCompile>
    <ClCompile Include="Observer.cpp">
      <Filter>97.Observer\01.Observer</Filter>
    </ClCompile>
    <ClCompile Include="UIObserver.cpp">
      <Filter>97.Observer\01.Observer\00.UIObserver</Filter>
    </ClCompile>
    <ClCompile Include="Subject.cpp">
      <Filter>97.Observer\00.Subject</Filter>
    </ClCompile>
    <ClCompile Include="DataSubejct.cpp">
      <Filter>97.Observer\00.Subject\01.DataSubject</Filter>
    </ClCompile>
    <ClCompile Include="UserInterface.cpp">
      <Filter>04.UI</Filter>
    </ClCompile>
    <ClCompile Include="UI.cpp">
      <Filter>04.UI\00.HP</Filter>
    </ClCompile>
    <ClCompile Include="MpUI.cpp">
      <Filter>04.UI\01.MP</Filter>
    </ClCompile>
    <ClCompile Include="CkeyUI.cpp">
      <Filter>04.UI\02.Key</Filter>
    </ClCompile>
    <ClCompile Include="MoneyUI.cpp">
      <Filter>04.UI\03.Money</Filter>
    </ClCompile>
    <ClCompile Include="EffectIMP.cpp">
      <Filter>94.Effect\01Implementor</Filter>
    </ClCompile>
    <ClCompile Include="AnimEffect.cpp">
      <Filter>94.Effect\01Implementor\00.AnimEffect</Filter>
    </ClCompile>
    <ClCompile Include="Effect.cpp">
      <Filter>94.Effect\00.Abstraction\00.Effect</Filter>
    </ClCompile>
    <ClCompile Include="RoomMgr.cpp">
      <Filter>98.Managers\09.RoomMgr</Filter>
    </ClCompile>
    <ClCompile Include="Obstacle.cpp">
      <Filter>05.Box</Filter>
    </ClCompile>
    <ClCompile Include="SoundMgr.cpp">
      <Filter>98.Managers\09.SoundMgr</Filter>
    </ClCompile>
    <ClCompile Include="BossIMP.cpp">
      <Filter>01.Object\01.Monster\02.Boss\01.BossIMP</Filter>
    </ClCompile>
    <ClCompile Include="BossNormalIMP.cpp">
      <Filter>01.Object\01.Monster\02.Boss\01.BossIMP\00.Noraml</Filter>
    </ClCompile>
    <ClCompile Include="Boss2.cpp">
      <Filter>01.Object\01.Monster\02.Boss\00.BossAbstraction</Filter>
    </ClCompile>
    <ClCompile Include="BossBullet.cpp">
      <Filter>01.Object\03.Bullet\03.BossBullet</Filter>
    </ClCompile>
    <ClCompile Include="BossSkillIMP.cpp">
      <Filter>01.Object\01.Monster\02.Boss\01.BossIMP\02.Skill</Filter>
    </ClCompile>
    <ClCompile Include="BossHalfIMP.cpp">
      <Filter>01.Object\01.Monster\02.Boss\01.BossIMP\01.Half</Filter>
    </ClCompile>
  </ItemGroup>
  <ItemGroup>
    <Image Include="Client.ico">
      <Filter>99.Default\01.etc</Filter>
    </Image>
    <Image Include="small.ico">
      <Filter>99.Default\01.etc</Filter>
    </Image>
  </ItemGroup>
  <ItemGroup>
    <ResourceCompile Include="Client.rc">
      <Filter>99.Default\01.etc</Filter>
    </ResourceCompile>
  </ItemGroup>
  <ItemGroup>
    <Text Include="ReadMe.txt">
      <Filter>99.Default\01.etc</Filter>
    </Text>
  </ItemGroup>
</Project>