<?xml version="1.0" encoding="utf-8"?>
<Project ToolsVersion="4.0" xmlns="http://schemas.microsoft.com/developer/msbuild/2003">
  <ItemGroup>
    <Filter Include="00.MainGame">
      <UniqueIdentifier>{9041d020-7762-4599-97ee-f4990be3581c}</UniqueIdentifier>
    </Filter>
    <Filter Include="98.Managers">
      <UniqueIdentifier>{8e62b4b8-6881-4de8-a26f-78ed04b3186b}</UniqueIdentifier>
    </Filter>
    <Filter Include="98.Managers\00.Device">
      <UniqueIdentifier>{86c41c72-a7f8-424c-b230-feed7e3d7c28}</UniqueIdentifier>
    </Filter>
    <Filter Include="98.Managers\01.TimeMgr">
      <UniqueIdentifier>{55dffb2e-35d6-4785-b000-acc5e676288c}</UniqueIdentifier>
    </Filter>
    <Filter Include="98.Managers\02.TextureMgr">
      <UniqueIdentifier>{daeaa758-9adb-43b8-a229-5b209ad05332}</UniqueIdentifier>
    </Filter>
    <Filter Include="98.Managers\02.TextureMgr\00.Texture">
      <UniqueIdentifier>{29e59231-fa22-4d33-8208-6fa9e264a0e9}</UniqueIdentifier>
    </Filter>
    <Filter Include="98.Managers\02.TextureMgr\00.Texture\00.SingleTexture">
      <UniqueIdentifier>{35d97bee-1835-4dfa-b939-d0f736a42d89}</UniqueIdentifier>
    </Filter>
    <Filter Include="98.Managers\02.TextureMgr\00.Texture\01.MultiTexture">
      <UniqueIdentifier>{7fcaf8e6-1850-4744-ba73-e4b31a6cc998}</UniqueIdentifier>
    </Filter>
    <Filter Include="99.Default">
      <UniqueIdentifier>{4829b9f0-a97e-49d8-8c86-be14fe671271}</UniqueIdentifier>
    </Filter>
    <Filter Include="98.Managers\03.ObjMgr">
      <UniqueIdentifier>{25ce182c-ca59-4e46-b8ed-04910ed2a33f}</UniqueIdentifier>
    </Filter>
    <Filter Include="01.Object">
      <UniqueIdentifier>{f3f8c406-f9e4-4dee-912c-6ddba5eddf68}</UniqueIdentifier>
    </Filter>
    <Filter Include="01.Object\00.Player">
      <UniqueIdentifier>{600eb52b-6517-4ba8-a1bb-338cea54fd4d}</UniqueIdentifier>
    </Filter>
    <Filter Include="01.Object\01.Monster">
      <UniqueIdentifier>{7524fc25-a4c4-4716-819b-d5db1ca130e6}</UniqueIdentifier>
    </Filter>
    <Filter Include="01.Object\02.Tile">
      <UniqueIdentifier>{408b5ea7-b455-442c-852c-71c37435ebc0}</UniqueIdentifier>
    </Filter>
    <Filter Include="98.Managers\04.TileMgr">
      <UniqueIdentifier>{2e271e48-28af-4abf-aca4-4df5490c41d4}</UniqueIdentifier>
    </Filter>
    <Filter Include="98.Managers\05.ScrollMgr">
      <UniqueIdentifier>{fc04c48f-6015-4159-a999-96e6d89a2f08}</UniqueIdentifier>
    </Filter>
    <Filter Include="01.Object\03.Mouse">
      <UniqueIdentifier>{53a301c8-eb31-43ba-b13d-b1b56c1c6009}</UniqueIdentifier>
    </Filter>
    <Filter Include="02.Scene">
      <UniqueIdentifier>{95bf33a7-5aa4-42e8-8b11-32d0708fe71f}</UniqueIdentifier>
    </Filter>
    <Filter Include="02.Scene\00.Scene">
      <UniqueIdentifier>{6b31cffb-42e6-4157-b2c7-b427adabb8f0}</UniqueIdentifier>
    </Filter>
    <Filter Include="02.Scene\00.Scene\00.Logo">
      <UniqueIdentifier>{64f1ba51-59a1-4b28-85a1-d093c1bc01ed}</UniqueIdentifier>
    </Filter>
    <Filter Include="02.Scene\00.Scene\01.Lobby">
      <UniqueIdentifier>{2433669e-40b0-4882-8718-879579be58b7}</UniqueIdentifier>
    </Filter>
    <Filter Include="02.Scene\00.Scene\02.Normal">
      <UniqueIdentifier>{54d34fc8-6c1b-4e65-bb0b-d47fa20baa62}</UniqueIdentifier>
    </Filter>
    <Filter Include="02.Scene\00.Scene\03.Boss">
      <UniqueIdentifier>{0ed768aa-60d8-423b-be46-1777c06f7c2b}</UniqueIdentifier>
    </Filter>
    <Filter Include="98.Managers\06.KeyMgr">
      <UniqueIdentifier>{abe69b7c-6f28-4450-bec4-1e5ec589c007}</UniqueIdentifier>
    </Filter>
    <Filter Include="97.DesignPattern">
      <UniqueIdentifier>{14e4587b-6b18-4671-a7eb-bac651501e03}</UniqueIdentifier>
    </Filter>
    <Filter Include="01.Object\00.Player\01.Implementor">
      <UniqueIdentifier>{1411c249-3399-4cbc-94e0-77e29a7b7ecd}</UniqueIdentifier>
    </Filter>
    <Filter Include="01.Object\00.Player\00.Abstraction">
      <UniqueIdentifier>{537b4556-2c54-493e-a880-d69e00964bea}</UniqueIdentifier>
    </Filter>
    <Filter Include="01.Object\00.Player\01.Implementor\00.MoveIMP">
      <UniqueIdentifier>{399b491f-a874-4a0b-9916-8c92c58e54aa}</UniqueIdentifier>
    </Filter>
  </ItemGroup>
  <ItemGroup>
    <ClInclude Include="Device.h">
      <Filter>98.Managers\00.Device</Filter>
    </ClInclude>
    <ClInclude Include="TimeMgr.h">
      <Filter>98.Managers\01.TimeMgr</Filter>
    </ClInclude>
    <ClInclude Include="TextureMgr.h">
      <Filter>98.Managers\02.TextureMgr</Filter>
    </ClInclude>
    <ClInclude Include="Texture.h">
      <Filter>98.Managers\02.TextureMgr\00.Texture</Filter>
    </ClInclude>
    <ClInclude Include="SingleTexture.h">
      <Filter>98.Managers\02.TextureMgr\00.Texture\00.SingleTexture</Filter>
    </ClInclude>
    <ClInclude Include="MultiTexture.h">
      <Filter>98.Managers\02.TextureMgr\00.Texture\01.MultiTexture</Filter>
    </ClInclude>
    <ClInclude Include="MainGame.h">
      <Filter>00.MainGame</Filter>
    </ClInclude>
    <ClInclude Include="Client.h">
      <Filter>99.Default</Filter>
    </ClInclude>
    <ClInclude Include="Resource.h">
      <Filter>99.Default</Filter>
    </ClInclude>
    <ClInclude Include="stdafx.h">
      <Filter>99.Default</Filter>
    </ClInclude>
    <ClInclude Include="targetver.h">
      <Filter>99.Default</Filter>
    </ClInclude>
    <ClInclude Include="Obj.h">
      <Filter>01.Object</Filter>
    </ClInclude>
    <ClInclude Include="ObjMgr.h">
      <Filter>98.Managers\03.ObjMgr</Filter>
    </ClInclude>
    <ClInclude Include="TileMgr.h">
      <Filter>98.Managers\04.TileMgr</Filter>
    </ClInclude>
    <ClInclude Include="ScrollMgr.h">
      <Filter>98.Managers\05.ScrollMgr</Filter>
    </ClInclude>
    <ClInclude Include="Mouse.h">
      <Filter>01.Object\03.Mouse</Filter>
    </ClInclude>
    <ClInclude Include="SceneMgr.h">
      <Filter>02.Scene</Filter>
    </ClInclude>
    <ClInclude Include="Lobby.h">
      <Filter>02.Scene\00.Scene\01.Lobby</Filter>
    </ClInclude>
    <ClInclude Include="Logo.h">
      <Filter>02.Scene\00.Scene\00.Logo</Filter>
    </ClInclude>
    <ClInclude Include="Boss.h">
      <Filter>02.Scene\00.Scene\03.Boss</Filter>
    </ClInclude>
    <ClInclude Include="Scene.h">
      <Filter>02.Scene\00.Scene</Filter>
    </ClInclude>
    <ClInclude Include="Normal.h">
      <Filter>02.Scene\00.Scene\02.Normal</Filter>
    </ClInclude>
    <ClInclude Include="KeyMgr.h">
      <Filter>98.Managers\06.KeyMgr</Filter>
    </ClInclude>
    <ClInclude Include="Player.h">
      <Filter>01.Object\00.Player\00.Abstraction</Filter>
    </ClInclude>
    <ClInclude Include="PlayerIMP.h">
      <Filter>01.Object\00.Player\01.Implementor</Filter>
    </ClInclude>
    <ClInclude Include="PlayerMoveIMP.h">
      <Filter>01.Object\00.Player\01.Implementor\00.MoveIMP</Filter>
    </ClInclude>
  </ItemGroup>
  <ItemGroup>
    <ClCompile Include="Device.cpp">
      <Filter>98.Managers\00.Device</Filter>
    </ClCompile>
    <ClCompile Include="TimeMgr.cpp">
      <Filter>98.Managers\01.TimeMgr</Filter>
    </ClCompile>
    <ClCompile Include="TextureMgr.cpp">
      <Filter>98.Managers\02.TextureMgr</Filter>
    </ClCompile>
    <ClCompile Include="Texture.cpp">
      <Filter>98.Managers\02.TextureMgr\00.Texture</Filter>
    </ClCompile>
    <ClCompile Include="SingleTexture.cpp">
      <Filter>98.Managers\02.TextureMgr\00.Texture\00.SingleTexture</Filter>
    </ClCompile>
    <ClCompile Include="MultiTexture.cpp">
      <Filter>98.Managers\02.TextureMgr\00.Texture\01.MultiTexture</Filter>
    </ClCompile>
    <ClCompile Include="MainGame.cpp">
      <Filter>00.MainGame</Filter>
    </ClCompile>
    <ClCompile Include="Client.cpp">
      <Filter>99.Default</Filter>
    </ClCompile>
    <ClCompile Include="stdafx.cpp">
      <Filter>99.Default</Filter>
    </ClCompile>
    <ClCompile Include="Obj.cpp">
      <Filter>01.Object</Filter>
    </ClCompile>
    <ClCompile Include="ObjMgr.cpp">
      <Filter>98.Managers\03.ObjMgr</Filter>
    </ClCompile>
    <ClCompile Include="TileMgr.cpp">
      <Filter>98.Managers\04.TileMgr</Filter>
    </ClCompile>
    <ClCompile Include="ScrollMgr.cpp">
      <Filter>98.Managers\05.ScrollMgr</Filter>
    </ClCompile>
    <ClCompile Include="Mouse.cpp">
      <Filter>01.Object\03.Mouse</Filter>
    </ClCompile>
    <ClCompile Include="SceneMgr.cpp">
      <Filter>02.Scene</Filter>
    </ClCompile>
    <ClCompile Include="Lobby.cpp">
      <Filter>02.Scene\00.Scene\01.Lobby</Filter>
    </ClCompile>
    <ClCompile Include="Logo.cpp">
      <Filter>02.Scene\00.Scene\00.Logo</Filter>
    </ClCompile>
    <ClCompile Include="Boss.cpp">
      <Filter>02.Scene\00.Scene\03.Boss</Filter>
    </ClCompile>
    <ClCompile Include="Scene.cpp">
      <Filter>02.Scene\00.Scene</Filter>
    </ClCompile>
    <ClCompile Include="Normal.cpp">
      <Filter>02.Scene\00.Scene\02.Normal</Filter>
    </ClCompile>
    <ClCompile Include="KeyMgr.cpp">
      <Filter>98.Managers\06.KeyMgr</Filter>
    </ClCompile>
    <ClCompile Include="Player.cpp">
      <Filter>01.Object\00.Player\00.Abstraction</Filter>
    </ClCompile>
    <ClCompile Include="PlayerIMP.cpp">
      <Filter>01.Object\00.Player\01.Implementor</Filter>
    </ClCompile>
    <ClCompile Include="PlayerMoveIMP.cpp">
      <Filter>01.Object\00.Player\01.Implementor\00.MoveIMP</Filter>
    </ClCompile>
  </ItemGroup>
  <ItemGroup>
    <Image Include="Client.ico">
      <Filter>99.Default</Filter>
    </Image>
    <Image Include="small.ico">
      <Filter>99.Default</Filter>
    </Image>
  </ItemGroup>
  <ItemGroup>
    <ResourceCompile Include="Client.rc">
      <Filter>99.Default</Filter>
    </ResourceCompile>
  </ItemGroup>
  <ItemGroup>
    <Text Include="ReadMe.txt">
      <Filter>99.Default</Filter>
    </Text>
  </ItemGroup>
</Project>